
Microsoft Visual Studio Solution File, Format Version 12.00
# Visual Studio 15
VisualStudioVersion = 15.0.27428.1
MinimumVisualStudioVersion = 10.0.40219.1
Project("{FAE04EC0-301F-11D3-BF4B-00C04F79EFBC}") = "HelloWorld", "HelloWorld\HelloWorld.csproj", "{0D749FBC-0912-49B0-A431-B8EE459DFAA5}"
EndProject
Global
	GlobalSection(SolutionConfigurationPlatforms) = preSolution
		Debug|Any CPU = Debug|Any CPU
		Release|Any CPU = Release|Any CPU
	EndGlobalSection
	GlobalSection(ProjectConfigurationPlatforms) = postSolution
		{0D749FBC-0912-49B0-A431-B8EE459DFAA5}.Debug|Any CPU.ActiveCfg = Debug|Any CPU
		{0D749FBC-0912-49B0-A431-B8EE459DFAA5}.Debug|Any CPU.Build.0 = Debug|Any CPU
		{0D749FBC-0912-49B0-A431-B8EE459DFAA5}.Release|Any CPU.ActiveCfg = Release|Any CPU
		{0D749FBC-0912-49B0-A431-B8EE459DFAA5}.Release|Any CPU.Build.0 = Release|Any CPU
	EndGlobalSection
	GlobalSection(SolutionProperties) = preSolution
		HideSolutionNode = FALSE
	EndGlobalSection
	GlobalSection(ExtensibilityGlobals) = postSolution
		SolutionGuid = {CD891890-56FD-401E-ABB5-9DABEBD2249A}
	EndGlobalSection
EndGlobal
